PODS:
  - AppAuth (1.4.0):
    - AppAuth/Core (= 1.4.0)
    - AppAuth/ExternalUserAgent (= 1.4.0)
  - AppAuth/Core (1.4.0)
  - AppAuth/ExternalUserAgent (1.4.0)
  - Differentiator (4.0.1)
  - Firebase/Auth (6.27.1):
    - Firebase/CoreOnly
    - FirebaseAuth (~> 6.6.0)
  - Firebase/CoreOnly (6.27.1):
    - FirebaseCore (= 6.8.1)
  - Firebase/Database (6.27.1):
    - Firebase/CoreOnly
    - FirebaseDatabase (~> 6.3.0)
  - FirebaseAuth (6.6.0):
    - FirebaseCore (~> 6.8)
    - GoogleUtilities/AppDelegateSwizzler (~> 6.5)
    - GoogleUtilities/Environment (~> 6.5)
    - GTMSessionFetcher/Core (~> 1.1)
  - FirebaseCore (6.8.1):
    - FirebaseCoreDiagnostics (~> 1.3)
    - GoogleUtilities/Environment (~> 6.5)
    - GoogleUtilities/Logger (~> 6.5)
  - FirebaseCoreDiagnostics (1.4.0):
    - GoogleDataTransportCCTSupport (~> 3.1)
    - GoogleUtilities/Environment (~> 6.5)
    - GoogleUtilities/Logger (~> 6.5)
    - nanopb (~> 1.30905.0)
  - FirebaseDatabase (6.3.0):
    - FirebaseCore (~> 6.8)
    - leveldb-library (~> 1.22)
  - GoogleDataTransport (6.2.1)
  - GoogleDataTransportCCTSupport (3.2.0):
    - GoogleDataTransport (~> 6.1)
    - nanopb (~> 1.30905.0)
  - GoogleSignIn (5.0.2):
    - AppAuth (~> 1.2)
    - GTMAppAuth (~> 1.0)
    - GTMSessionFetcher/Core (~> 1.1)
  - GoogleUtilities/AppDelegateSwizzler (6.6.0):
    - GoogleUtilities/Environment
    - GoogleUtilities/Logger
    - GoogleUtilities/Network
  - GoogleUtilities/Environment (6.6.0):
    - PromisesObjC (~> 1.2)
  - GoogleUtilities/Logger (6.6.0):
    - GoogleUtilities/Environment
  - GoogleUtilities/Network (6.6.0):
    - GoogleUtilities/Logger
    - "GoogleUtilities/NSData+zlib"
    - GoogleUtilities/Reachability
  - "GoogleUtilities/NSData+zlib (6.6.0)"
  - GoogleUtilities/Reachability (6.6.0):
    - GoogleUtilities/Logger
  - GTMAppAuth (1.0.0):
    - AppAuth/Core (~> 1.0)
    - GTMSessionFetcher (~> 1.1)
  - GTMSessionFetcher (1.4.0):
    - GTMSessionFetcher/Full (= 1.4.0)
  - GTMSessionFetcher/Core (1.4.0)
  - GTMSessionFetcher/Full (1.4.0):
    - GTMSessionFetcher/Core (= 1.4.0)
  - leveldb-library (1.22)
  - nanopb (1.30905.0):
    - nanopb/decode (= 1.30905.0)
    - nanopb/encode (= 1.30905.0)
  - nanopb/decode (1.30905.0)
  - nanopb/encode (1.30905.0)
  - PromisesObjC (1.2.9)
  - RxCocoa (5.0.0):
    - RxRelay (~> 5)
    - RxSwift (~> 5)
  - RxDataSources (4.0.1):
    - Differentiator (~> 4.0)
    - RxCocoa (~> 5.0)
    - RxSwift (~> 5.0)
  - RxRelay (5.1.1):
    - RxSwift (~> 5)
  - RxSwift (5.0.0)
  - SideMenu (6.5.0)

DEPENDENCIES:
  - Firebase/Auth
  - Firebase/Database
  - GoogleSignIn
  - RxCocoa (= 5.0)
  - RxDataSources (~> 4.0)
  - RxSwift (= 5.0)
  - SideMenu

SPEC REPOS:
  trunk:
    - AppAuth
    - Differentiator
    - Firebase
    - FirebaseAuth
    - FirebaseCore
    - FirebaseCoreDiagnostics
    - FirebaseDatabase
    - GoogleDataTransport
    - GoogleDataTransportCCTSupport
    - GoogleSignIn
    - GoogleUtilities
    - GTMAppAuth
    - GTMSessionFetcher
    - leveldb-library
    - nanopb
    - PromisesObjC
    - RxCocoa
    - RxDataSources
    - RxRelay
    - RxSwift
    - SideMenu

SPEC CHECKSUMS:
  AppAuth: 31bcec809a638d7bd2f86ea8a52bd45f6e81e7c7
  Differentiator: 886080237d9f87f322641dedbc5be257061b0602
  Firebase: 919186c8e119dd9372a45fd1dd17a8a942bc1892
  FirebaseAuth: b85c064e0ac60f82486728d50a4803f235687302
  FirebaseCore: 8cd4f8ea22075e0ee582849b1cf79d8816506085
  FirebaseCoreDiagnostics: 4505e4d4009b1d93f605088ee7d7764d5f0d1c84
  FirebaseDatabase: 3d02ffa794ec174853c086cf87cf2dc79bd6da49
  GoogleDataTransport: 9a8a16f79feffc7f42096743de2a7c4815e84020
  GoogleDataTransportCCTSupport: 489c1265d2c85b68187a83a911913d190012158d
  GoogleSignIn: 7137d297ddc022a7e0aa4619c86d72c909fa7213
  GoogleUtilities: 39530bc0ad980530298e9c4af8549e991fd033b1
  GTMAppAuth: 4deac854479704f348309e7b66189e604cf5e01e
  GTMSessionFetcher: 6f5c8abbab8a9bce4bb3f057e317728ec6182b10
  leveldb-library: 55d93ee664b4007aac644a782d11da33fba316f7
  nanopb: c43f40fadfe79e8b8db116583945847910cbabc9
  PromisesObjC: b48e0338dbbac2207e611750777895f7a5811b75
  RxCocoa: fcf32050ac00d801f34a7f71d5e8e7f23026dcd8
  RxDataSources: efee07fa4de48477eca0a4611e6d11e2da9c1114
  RxRelay: d77f7d771495f43c556cbc43eebd1bb54d01e8e9
  RxSwift: 8b0671caa829a763bbce7271095859121cbd895f
  SideMenu: f583187d21c5b1dd04c72002be544b555a2627a2

PODFILE CHECKSUM: 53276c957dde33301d6f9fa6329310ac74034dbe

COCOAPODS: 1.9.3
